
Microsoft Visual Studio Solution File, Format Version 12.00
# Visual Studio Version 17
VisualStudioVersion = 17.5.33516.290
MinimumVisualStudioVersion = 10.0.40219.1
Project("{FAE04EC0-301F-11D3-BF4B-00C04F79EFBC}") = "Test", "Test.csproj", "{FB21BCF0-BF23-4A8E-AC4E-102506245E0C}"
EndProject
Global
	GlobalSection(SolutionConfigurationPlatforms) = preSolution
		Debug|Any CPU = Debug|Any CPU
		Release|Any CPU = Release|Any CPU
	EndGlobalSection
	GlobalSection(ProjectConfigurationPlatforms) = postSolution
		{FB21BCF0-BF23-4A8E-AC4E-102506245E0C}.Debug|Any CPU.ActiveCfg = Debug|Any CPU
		{FB21BCF0-BF23-4A8E-AC4E-102506245E0C}.Debug|Any CPU.Build.0 = Debug|Any CPU
		{FB21BCF0-BF23-4A8E-AC4E-102506245E0C}.Release|Any CPU.ActiveCfg = Release|Any CPU
		{FB21BCF0-BF23-4A8E-AC4E-102506245E0C}.Release|Any CPU.Build.0 = Release|Any CPU
	EndGlobalSection
	GlobalSection(SolutionProperties) = preSolution
		HideSolutionNode = FALSE
	EndGlobalSection
	GlobalSection(ExtensibilityGlobals) = postSolution
		SolutionGuid = {746ADAC6-480E-4D5A-A38F-1C54497B5A49}
	EndGlobalSection
EndGlobal
